// !$*UTF8*$!
{
	archiveVersion = 1;
	classes = {
	};
	objectVersion = 51;
	objects = {

/* Begin PBXBuildFile section */
		33175C4926717098003D1F77 /* Activityview.swift in Sources */ = {isa = PBXBuildFile; fileRef = 33175C4826717098003D1F77 /* Activityview.swift */; };
		33A997DB2670BC3600853B5F /* AppDelegate.swift in Sources */ = {isa = PBXBuildFile; fileRef = 33A997DA2670BC3600853B5F /* AppDelegate.swift */; };
		33A997DD2670BC3600853B5F /* SceneDelegate.swift in Sources */ = {isa = PBXBuildFile; fileRef = 33A997DC2670BC3600853B5F /* SceneDelegate.swift */; };
		33A997E12670BC3700853B5F /* Assets.xcassets in Resources */ = {isa = PBXBuildFile; fileRef = 33A997E02670BC3700853B5F /* Assets.xcassets */; };
		33A997E42670BC3700853B5F /* Preview Assets.xcassets in Resources */ = {isa = PBXBuildFile; fileRef = 33A997E32670BC3700853B5F /* Preview Assets.xcassets */; };
		33A997E72670BC3700853B5F /* LaunchScreen.storyboard in Resources */ = {isa = PBXBuildFile; fileRef = 33A997E52670BC3700853B5F /* LaunchScreen.storyboard */; };
		33A998012670BCF600853B5F /* AppColor.swift in Sources */ = {isa = PBXBuildFile; fileRef = 33A997FD2670BCF600853B5F /* AppColor.swift */; };
		33A998032670BCF600853B5F /* Appconstants.swift in Sources */ = {isa = PBXBuildFile; fileRef = 33A997FF2670BCF600853B5F /* Appconstants.swift */; };
		33A9980E2670BD0600853B5F /* URLERROR.swift in Sources */ = {isa = PBXBuildFile; fileRef = 33A998062670BD0600853B5F /* URLERROR.swift */; };
		33A9980F2670BD0600853B5F /* NetwordReachability.swift in Sources */ = {isa = PBXBuildFile; fileRef = 33A998072670BD0600853B5F /* NetwordReachability.swift */; };
		33A998102670BD0600853B5F /* NetworkConstants.swift in Sources */ = {isa = PBXBuildFile; fileRef = 33A998082670BD0600853B5F /* NetworkConstants.swift */; };
		33A998112670BD0600853B5F /* BaseApiClient.swift in Sources */ = {isa = PBXBuildFile; fileRef = 33A998092670BD0600853B5F /* BaseApiClient.swift */; };
		33A998122670BD0600853B5F /* ResponseError.swift in Sources */ = {isa = PBXBuildFile; fileRef = 33A9980A2670BD0600853B5F /* ResponseError.swift */; };
		33A998132670BD0600853B5F /* ResponseSuccess.swift in Sources */ = {isa = PBXBuildFile; fileRef = 33A9980B2670BD0600853B5F /* ResponseSuccess.swift */; };
		33A998142670BD0600853B5F /* NetworkManager.swift in Sources */ = {isa = PBXBuildFile; fileRef = 33A9980C2670BD0600853B5F /* NetworkManager.swift */; };
		33A998152670BD0600853B5F /* PageRouter.swift in Sources */ = {isa = PBXBuildFile; fileRef = 33A9980D2670BD0600853B5F /* PageRouter.swift */; };
		33A998182670BD0F00853B5F /* ArticleModel.swift in Sources */ = {isa = PBXBuildFile; fileRef = 33A998172670BD0F00853B5F /* ArticleModel.swift */; };
		33A9981C2670BD1700853B5F /* ContentView.swift in Sources */ = {isa = PBXBuildFile; fileRef = 33A9981A2670BD1700853B5F /* ContentView.swift */; };
		33A9981D2670BD1700853B5F /* ArticleDetailsView.swift in Sources */ = {isa = PBXBuildFile; fileRef = 33A9981B2670BD1700853B5F /* ArticleDetailsView.swift */; };
		33A998202670BD2300853B5F /* ArticleListViewModel.swift in Sources */ = {isa = PBXBuildFile; fileRef = 33A9981F2670BD2300853B5F /* ArticleListViewModel.swift */; };
		33F9D53026710ADA00A2B8EF /* GlobalClass.swift in Sources */ = {isa = PBXBuildFile; fileRef = 33F9D52F26710ADA00A2B8EF /* GlobalClass.swift */; };
		33F9D538267116B600A2B8EF /* HSHostingController.swift in Sources */ = {isa = PBXBuildFile; fileRef = 33F9D537267116B600A2B8EF /* HSHostingController.swift */; };
		33F9D53B2671304A00A2B8EF /* PageView.swift in Sources */ = {isa = PBXBuildFile; fileRef = 33F9D53A2671304A00A2B8EF /* PageView.swift */; };
		B585173A9E4CA1C993EF07F1 /* Pods_NY_Times_Test_App.framework in Frameworks */ = {isa = PBXBuildFile; fileRef = C1BEAEF6B879B1C86059599F /* Pods_NY_Times_Test_App.framework */; };
/* End PBXBuildFile section */

/* Begin PBXFileReference section */
		18CADDD1EE1AEF7BE1847BB1 /* Pods-NY_Times_Test_App.debug.xcconfig */ = {isa = PBXFileReference; includeInIndex = 1; lastKnownFileType = text.xcconfig; name = "Pods-NY_Times_Test_App.debug.xcconfig"; path = "Target Support Files/Pods-NY_Times_Test_App/Pods-NY_Times_Test_App.debug.xcconfig"; sourceTree = "<group>"; };
		33175C4826717098003D1F77 /* Activityview.swift */ = {isa = PBXFileReference; lastKnownFileType = sourcecode.swift; path = Activityview.swift; sourceTree = "<group>"; };
		33A997D72670BC3600853B5F /* NY_Times_Test_App.app */ = {isa = PBXFileReference; explicitFileType = wrapper.application; includeInIndex = 0; path = NY_Times_Test_App.app; sourceTree = BUILT_PRODUCTS_DIR; };
		33A997DA2670BC3600853B5F /* AppDelegate.swift */ = {isa = PBXFileReference; lastKnownFileType = sourcecode.swift; path = AppDelegate.swift; sourceTree = "<group>"; };
		33A997DC2670BC3600853B5F /* SceneDelegate.swift */ = {isa = PBXFileReference; lastKnownFileType = sourcecode.swift; path = SceneDelegate.swift; sourceTree = "<group>"; };
		33A997E02670BC3700853B5F /* Assets.xcassets */ = {isa = PBXFileReference; lastKnownFileType = folder.assetcatalog; path = Assets.xcassets; sourceTree = "<group>"; };
		33A997E32670BC3700853B5F /* Preview Assets.xcassets */ = {isa = PBXFileReference; lastKnownFileType = folder.assetcatalog; path = "Preview Assets.xcassets"; sourceTree = "<group>"; };
		33A997E62670BC3700853B5F /* Base */ = {isa = PBXFileReference; lastKnownFileType = file.storyboard; name = Base; path = Base.lproj/LaunchScreen.storyboard; sourceTree = "<group>"; };
		33A997E82670BC3700853B5F /* Info.plist */ = {isa = PBXFileReference; lastKnownFileType = text.plist.xml; path = Info.plist; sourceTree = "<group>"; };
		33A997FD2670BCF600853B5F /* AppColor.swift */ = {isa = PBXFileReference; fileEncoding = 4; lastKnownFileType = sourcecode.swift; path = AppColor.swift; sourceTree = "<group>"; };
		33A997FF2670BCF600853B5F /* Appconstants.swift */ = {isa = PBXFileReference; fileEncoding = 4; lastKnownFileType = sourcecode.swift; path = Appconstants.swift; sourceTree = "<group>"; };
		33A998062670BD0600853B5F /* URLERROR.swift */ = {isa = PBXFileReference; fileEncoding = 4; lastKnownFileType = sourcecode.swift; path = URLERROR.swift; sourceTree = "<group>"; };
		33A998072670BD0600853B5F /* NetwordReachability.swift */ = {isa = PBXFileReference; fileEncoding = 4; lastKnownFileType = sourcecode.swift; path = NetwordReachability.swift; sourceTree = "<group>"; };
		33A998082670BD0600853B5F /* NetworkConstants.swift */ = {isa = PBXFileReference; fileEncoding = 4; lastKnownFileType = sourcecode.swift; path = NetworkConstants.swift; sourceTree = "<group>"; };
		33A998092670BD0600853B5F /* BaseApiClient.swift */ = {isa = PBXFileReference; fileEncoding = 4; lastKnownFileType = sourcecode.swift; path = BaseApiClient.swift; sourceTree = "<group>"; };
		33A9980A2670BD0600853B5F /* ResponseError.swift */ = {isa = PBXFileReference; fileEncoding = 4; lastKnownFileType = sourcecode.swift; path = ResponseError.swift; sourceTree = "<group>"; };
		33A9980B2670BD0600853B5F /* ResponseSuccess.swift */ = {isa = PBXFileReference; fileEncoding = 4; lastKnownFileType = sourcecode.swift; path = ResponseSuccess.swift; sourceTree = "<group>"; };
		33A9980C2670BD0600853B5F /* NetworkManager.swift */ = {isa = PBXFileReference; fileEncoding = 4; lastKnownFileType = sourcecode.swift; path = NetworkManager.swift; sourceTree = "<group>"; };
		33A9980D2670BD0600853B5F /* PageRouter.swift */ = {isa = PBXFileReference; fileEncoding = 4; lastKnownFileType = sourcecode.swift; path = PageRouter.swift; sourceTree = "<group>"; };
		33A998172670BD0F00853B5F /* ArticleModel.swift */ = {isa = PBXFileReference; fileEncoding = 4; lastKnownFileType = sourcecode.swift; path = ArticleModel.swift; sourceTree = "<group>"; };
		33A9981A2670BD1700853B5F /* ContentView.swift */ = {isa = PBXFileReference; fileEncoding = 4; lastKnownFileType = sourcecode.swift; path = ContentView.swift; sourceTree = "<group>"; };
		33A9981B2670BD1700853B5F /* ArticleDetailsView.swift */ = {isa = PBXFileReference; fileEncoding = 4; lastKnownFileType = sourcecode.swift; path = ArticleDetailsView.swift; sourceTree = "<group>"; };
		33A9981F2670BD2300853B5F /* ArticleListViewModel.swift */ = {isa = PBXFileReference; fileEncoding = 4; lastKnownFileType = sourcecode.swift; path = ArticleListViewModel.swift; sourceTree = "<group>"; };
		33F9D52F26710ADA00A2B8EF /* GlobalClass.swift */ = {isa = PBXFileReference; lastKnownFileType = sourcecode.swift; path = GlobalClass.swift; sourceTree = "<group>"; };
		33F9D537267116B600A2B8EF /* HSHostingController.swift */ = {isa = PBXFileReference; lastKnownFileType = sourcecode.swift; path = HSHostingController.swift; sourceTree = "<group>"; };
		33F9D53A2671304A00A2B8EF /* PageView.swift */ = {isa = PBXFileReference; lastKnownFileType = sourcecode.swift; path = PageView.swift; sourceTree = "<group>"; };
		60808F7E25F3E77E9AFFAEF9 /* Pods-NY_Times_Test_App.release.xcconfig */ = {isa = PBXFileReference; includeInIndex = 1; lastKnownFileType = text.xcconfig; name = "Pods-NY_Times_Test_App.release.xcconfig"; path = "Target Support Files/Pods-NY_Times_Test_App/Pods-NY_Times_Test_App.release.xcconfig"; sourceTree = "<group>"; };
		C1BEAEF6B879B1C86059599F /* Pods_NY_Times_Test_App.framework */ = {isa = PBXFileReference; explicitFileType = wrapper.framework; includeInIndex = 0; path = Pods_NY_Times_Test_App.framework; sourceTree = BUILT_PRODUCTS_DIR; };
/* End PBXFileReference section */

/* Begin PBXFrameworksBuildPhase section */
		33A997D42670BC3600853B5F /* Frameworks */ = {
			isa = PBXFrameworksBuildPhase;
			buildActionMask = 2147483647;
			files = (
				B585173A9E4CA1C993EF07F1 /* Pods_NY_Times_Test_App.framework in Frameworks */,
			);
			runOnlyForDeploymentPostprocessing = 0;
		};
/* End PBXFrameworksBuildPhase section */

/* Begin PBXGroup section */
		33A997CE2670BC3600853B5F = {
			isa = PBXGroup;
			children = (
				33A997D92670BC3600853B5F /* NY_Times_Test_App */,
				33A997D82670BC3600853B5F /* Products */,
				C9D546863880A7FF68787E45 /* Pods */,
				A576D5DF00EDF434F366BA3C /* Frameworks */,
			);
			sourceTree = "<group>";
		};
		33A997D82670BC3600853B5F /* Products */ = {
			isa = PBXGroup;
			children = (
				33A997D72670BC3600853B5F /* NY_Times_Test_App.app */,
			);
			name = Products;
			sourceTree = "<group>";
		};
		33A997D92670BC3600853B5F /* NY_Times_Test_App */ = {
			isa = PBXGroup;
			children = (
				33A997FC2670BCE100853B5F /* Network */,
				33A997FB2670BCDA00853B5F /* Utilities */,
				33A997FA2670BCC100853B5F /* Model */,
				33A997F92670BCBC00853B5F /* View */,
				33A997F82670BCB000853B5F /* View Model */,
				33A997DA2670BC3600853B5F /* AppDelegate.swift */,
				33A997DC2670BC3600853B5F /* SceneDelegate.swift */,
				33A997E02670BC3700853B5F /* Assets.xcassets */,
				33A997E52670BC3700853B5F /* LaunchScreen.storyboard */,
				33A997E82670BC3700853B5F /* Info.plist */,
				33A997E22670BC3700853B5F /* Preview Content */,
			);
			path = NY_Times_Test_App;
			sourceTree = "<group>";
		};
		33A997E22670BC3700853B5F /* Preview Content */ = {
			isa = PBXGroup;
			children = (
				33A997E32670BC3700853B5F /* Preview Assets.xcassets */,
			);
			path = "Preview Content";
			sourceTree = "<group>";
		};
		33A997F82670BCB000853B5F /* View Model */ = {
			isa = PBXGroup;
			children = (
				33A9981F2670BD2300853B5F /* ArticleListViewModel.swift */,
			);
			path = "View Model";
			sourceTree = "<group>";
		};
		33A997F92670BCBC00853B5F /* View */ = {
			isa = PBXGroup;
			children = (
				33A9981B2670BD1700853B5F /* ArticleDetailsView.swift */,
				33A9981A2670BD1700853B5F /* ContentView.swift */,
				33F9D53A2671304A00A2B8EF /* PageView.swift */,
			);
			path = View;
			sourceTree = "<group>";
		};
		33A997FA2670BCC100853B5F /* Model */ = {
			isa = PBXGroup;
			children = (
				33A998172670BD0F00853B5F /* ArticleModel.swift */,
			);
			path = Model;
			sourceTree = "<group>";
		};
		33A997FB2670BCDA00853B5F /* Utilities */ = {
			isa = PBXGroup;
			children = (
				33A997FD2670BCF600853B5F /* AppColor.swift */,
				33A997FF2670BCF600853B5F /* Appconstants.swift */,
				33F9D52F26710ADA00A2B8EF /* GlobalClass.swift */,
				33F9D537267116B600A2B8EF /* HSHostingController.swift */,
				33175C4826717098003D1F77 /* Activityview.swift */,
			);
			path = Utilities;
			sourceTree = "<group>";
		};
		33A997FC2670BCE100853B5F /* Network */ = {
			isa = PBXGroup;
			children = (
				33A998092670BD0600853B5F /* BaseApiClient.swift */,
				33A998072670BD0600853B5F /* NetwordReachability.swift */,
				33A998082670BD0600853B5F /* NetworkConstants.swift */,
				33A9980C2670BD0600853B5F /* NetworkManager.swift */,
				33A9980D2670BD0600853B5F /* PageRouter.swift */,
				33A9980A2670BD0600853B5F /* ResponseError.swift */,
				33A9980B2670BD0600853B5F /* ResponseSuccess.swift */,
				33A998062670BD0600853B5F /* URLERROR.swift */,
			);
			path = Network;
			sourceTree = "<group>";
		};
		A576D5DF00EDF434F366BA3C /* Frameworks */ = {
			isa = PBXGroup;
			children = (
				C1BEAEF6B879B1C86059599F /* Pods_NY_Times_Test_App.framework */,
			);
			name = Frameworks;
			sourceTree = "<group>";
		};
		C9D546863880A7FF68787E45 /* Pods */ = {
			isa = PBXGroup;
			children = (
				18CADDD1EE1AEF7BE1847BB1 /* Pods-NY_Times_Test_App.debug.xcconfig */,
				60808F7E25F3E77E9AFFAEF9 /* Pods-NY_Times_Test_App.release.xcconfig */,
			);
			path = Pods;
			sourceTree = "<group>";
		};
/* End PBXGroup section */

/* Begin PBXNativeTarget section */
		33A997D62670BC3600853B5F /* NY_Times_Test_App */ = {
			isa = PBXNativeTarget;
			buildConfigurationList = 33A997EB2670BC3700853B5F /* Build configuration list for PBXNativeTarget "NY_Times_Test_App" */;
			buildPhases = (
				B52C7C9F2F6D7BBBA11F9D10 /* [CP] Check Pods Manifest.lock */,
				33A997D32670BC3600853B5F /* Sources */,
				33A997D42670BC3600853B5F /* Frameworks */,
				33A997D52670BC3600853B5F /* Resources */,
				6F3DDDEA3DCE2A3BBAC2196E /* [CP] Embed Pods Frameworks */,
			);
			buildRules = (
			);
			dependencies = (
			);
			name = NY_Times_Test_App;
			productName = NY_Times_Test_App;
			productReference = 33A997D72670BC3600853B5F /* NY_Times_Test_App.app */;
			productType = "com.apple.product-type.application";
		};
/* End PBXNativeTarget section */

/* Begin PBXProject section */
		33A997CF2670BC3600853B5F /* Project object */ = {
			isa = PBXProject;
			attributes = {
				LastSwiftUpdateCheck = 1240;
				LastUpgradeCheck = 1240;
				TargetAttributes = {
					33A997D62670BC3600853B5F = {
						CreatedOnToolsVersion = 12.4;
					};
				};
			};
			buildConfigurationList = 33A997D22670BC3600853B5F /* Build configuration list for PBXProject "NY_Times_Test_App" */;
			compatibilityVersion = "Xcode 9.3";
			developmentRegion = en;
			hasScannedForEncodings = 0;
			knownRegions = (
				en,
				Base,
			);
			mainGroup = 33A997CE2670BC3600853B5F;
			productRefGroup = 33A997D82670BC3600853B5F /* Products */;
			projectDirPath = "";
			projectRoot = "";
			targets = (
				33A997D62670BC3600853B5F /* NY_Times_Test_App */,
			);
		};
/* End PBXProject section */

/* Begin PBXResourcesBuildPhase section */
		33A997D52670BC3600853B5F /* Resources */ = {
			isa = PBXResourcesBuildPhase;
			buildActionMask = 2147483647;
			files = (
				33A997E72670BC3700853B5F /* LaunchScreen.storyboard in Resources */,
				33A997E42670BC3700853B5F /* Preview Assets.xcassets in Resources */,
				33A997E12670BC3700853B5F /* Assets.xcassets in Resources */,
			);
			runOnlyForDeploymentPostprocessing = 0;
		};
/* End PBXResourcesBuildPhase section */

/* Begin PBXShellScriptBuildPhase section */
		6F3DDDEA3DCE2A3BBAC2196E /* [CP] Embed Pods Frameworks */ = {
			isa = PBXShellScriptBuildPhase;
			buildActionMask = 2147483647;
			files = (
			);
			inputFileListPaths = (
				"${PODS_ROOT}/Target Support Files/Pods-NY_Times_Test_App/Pods-NY_Times_Test_App-frameworks-${CONFIGURATION}-input-files.xcfilelist",
			);
			name = "[CP] Embed Pods Frameworks";
			outputFileListPaths = (
				"${PODS_ROOT}/Target Support Files/Pods-NY_Times_Test_App/Pods-NY_Times_Test_App-frameworks-${CONFIGURATION}-output-files.xcfilelist",
			);
			runOnlyForDeploymentPostprocessing = 0;
			shellPath = /bin/sh;
			shellScript = "\"${PODS_ROOT}/Target Support Files/Pods-NY_Times_Test_App/Pods-NY_Times_Test_App-frameworks.sh\"\n";
			showEnvVarsInLog = 0;
		};
		B52C7C9F2F6D7BBBA11F9D10 /* [CP] Check Pods Manifest.lock */ = {
			isa = PBXShellScriptBuildPhase;
			buildActionMask = 2147483647;
			files = (
			);
			inputFileListPaths = (
			);
			inputPaths = (
				"${PODS_PODFILE_DIR_PATH}/Podfile.lock",
				"${PODS_ROOT}/Manifest.lock",
			);
			name = "[CP] Check Pods Manifest.lock";
			outputFileListPaths = (
			);
			outputPaths = (
				"$(DERIVED_FILE_DIR)/Pods-NY_Times_Test_App-checkManifestLockResult.txt",
			);
			runOnlyForDeploymentPostprocessing = 0;
			shellPath = /bin/sh;
			shellScript = "diff \"${PODS_PODFILE_DIR_PATH}/Podfile.lock\" \"${PODS_ROOT}/Manifest.lock\" > /dev/null\nif [ $? != 0 ] ; then\n    # print error to STDERR\n    echo \"error: The sandbox is not in sync with the Podfile.lock. Run 'pod install' or update your CocoaPods installation.\" >&2\n    exit 1\nfi\n# This output is used by Xcode 'outputs' to avoid re-running this script phase.\necho \"SUCCESS\" > \"${SCRIPT_OUTPUT_FILE_0}\"\n";
			showEnvVarsInLog = 0;
		};
/* End PBXShellScriptBuildPhase section */

/* Begin PBXSourcesBuildPhase section */
		33A997D32670BC3600853B5F /* Sources */ = {
			isa = PBXSourcesBuildPhase;
			buildActionMask = 2147483647;
			files = (
				33A998112670BD0600853B5F /* BaseApiClient.swift in Sources */,
				33A998182670BD0F00853B5F /* ArticleModel.swift in Sources */,
				33A9981C2670BD1700853B5F /* ContentView.swift in Sources */,
				33A998102670BD0600853B5F /* NetworkConstants.swift in Sources */,
				33A9980F2670BD0600853B5F /* NetwordReachability.swift in Sources */,
				33A998152670BD0600853B5F /* PageRouter.swift in Sources */,
				33A998142670BD0600853B5F /* NetworkManager.swift in Sources */,
				33F9D53B2671304A00A2B8EF /* PageView.swift in Sources */,
				33A998032670BCF600853B5F /* Appconstants.swift in Sources */,
				33F9D53026710ADA00A2B8EF /* GlobalClass.swift in Sources */,
				33A998132670BD0600853B5F /* ResponseSuccess.swift in Sources */,
				33A998122670BD0600853B5F /* ResponseError.swift in Sources */,
				33A997DB2670BC3600853B5F /* AppDelegate.swift in Sources */,
				33175C4926717098003D1F77 /* Activityview.swift in Sources */,
				33A9980E2670BD0600853B5F /* URLERROR.swift in Sources */,
				33A998202670BD2300853B5F /* ArticleListViewModel.swift in Sources */,
				33A9981D2670BD1700853B5F /* ArticleDetailsView.swift in Sources */,
				33A997DD2670BC3600853B5F /* SceneDelegate.swift in Sources */,
				33A998012670BCF600853B5F /* AppColor.swift in Sources */,
				33F9D538267116B600A2B8EF /* HSHostingController.swift in Sources */,
			);
			runOnlyForDeploymentPostprocessing = 0;
		};
/* End PBXSourcesBuildPhase section */

/* Begin PBXVariantGroup section */
		33A997E52670BC3700853B5F /* LaunchScreen.storyboard */ = {
			isa = PBXVariantGroup;
			children = (
				33A997E62670BC3700853B5F /* Base */,
			);
			name = LaunchScreen.storyboard;
			sourceTree = "<group>";
		};
/* End PBXVariantGroup section */

/* Begin XCBuildConfiguration section */
		33A997E92670BC3700853B5F /* Debug */ = {
			isa = XCBuildConfiguration;
			buildSettings = {
				ALWAYS_SEARCH_USER_PATHS = NO;
				CLANG_ANALYZER_NONNULL = YES;
				CLANG_ANALYZER_NUMBER_OBJECT_CONVERSION = YES_AGGRESSIVE;
				CLANG_CXX_LANGUAGE_STANDARD = "gnu++14";
				CLANG_CXX_LIBRARY = "libc++";
				CLANG_ENABLE_MODULES = YES;
				CLANG_ENABLE_OBJC_ARC = YES;
				CLANG_ENABLE_OBJC_WEAK = YES;
				CLANG_WARN_BLOCK_CAPTURE_AUTORELEASING = YES;
				CLANG_WARN_BOOL_CONVERSION = YES;
				CLANG_WARN_COMMA = YES;
				CLANG_WARN_CONSTANT_CONVERSION = YES;
				CLANG_WARN_DEPRECATED_OBJC_IMPLEMENTATIONS = YES;
				CLANG_WARN_DIRECT_OBJC_ISA_USAGE = YES_ERROR;
				CLANG_WARN_DOCUMENTATION_COMMENTS = YES;
				CLANG_WARN_EMPTY_BODY = YES;
				CLANG_WARN_ENUM_CONVERSION = YES;
				CLANG_WARN_INFINITE_RECURSION = YES;
				CLANG_WARN_INT_CONVERSION = YES;
				CLANG_WARN_NON_LITERAL_NULL_CONVERSION = YES;
				CLANG_WARN_OBJC_IMPLICIT_RETAIN_SELF = YES;
				CLANG_WARN_OBJC_LITERAL_CONVERSION = YES;
				CLANG_WARN_OBJC_ROOT_CLASS = YES_ERROR;
				CLANG_WARN_QUOTED_INCLUDE_IN_FRAMEWORK_HEADER = YES;
				CLANG_WARN_RANGE_LOOP_ANALYSIS = YES;
				CLANG_WARN_STRICT_PROTOTYPES = YES;
				CLANG_WARN_SUSPICIOUS_MOVE = YES;
				CLANG_WARN_UNGUARDED_AVAILABILITY = YES_AGGRESSIVE;
				CLANG_WARN_UNREACHABLE_CODE = YES;
				CLANG_WARN__DUPLICATE_METHOD_MATCH = YES;
				COPY_PHASE_STRIP = NO;
				DEBUG_INFORMATION_FORMAT = dwarf;
				ENABLE_STRICT_OBJC_MSGSEND = YES;
				ENABLE_TESTABILITY = YES;
				GCC_C_LANGUAGE_STANDARD = gnu11;
				GCC_DYNAMIC_NO_PIC = NO;
				GCC_NO_COMMON_BLOCKS = YES;
				GCC_OPTIMIZATION_LEVEL = 0;
				GCC_PREPROCESSOR_DEFINITIONS = (
					"DEBUG=1",
					"$(inherited)",
				);
				GCC_WARN_64_TO_32_BIT_CONVERSION = YES;
				GCC_WARN_ABOUT_RETURN_TYPE = YES_ERROR;
				GCC_WARN_UNDECLARED_SELECTOR = YES;
				GCC_WARN_UNINITIALIZED_AUTOS = YES_AGGRESSIVE;
				GCC_WARN_UNUSED_FUNCTION = YES;
				GCC_WARN_UNUSED_VARIABLE = YES;
				IPHONEOS_DEPLOYMENT_TARGET = 14.4;
				MTL_ENABLE_DEBUG_INFO = INCLUDE_SOURCE;
				MTL_FAST_MATH = YES;
				ONLY_ACTIVE_ARCH = YES;
				SDKROOT = iphoneos;
				SWIFT_ACTIVE_COMPILATION_CONDITIONS = DEBUG;
				SWIFT_OPTIMIZATION_LEVEL = "-Onone";
			};
			name = Debug;
		};
		33A997EA2670BC3700853B5F /* Release */ = {
			isa = XCBuildConfiguration;
			buildSettings = {
				ALWAYS_SEARCH_USER_PATHS = NO;
				CLANG_ANALYZER_NONNULL = YES;
				CLANG_ANALYZER_NUMBER_OBJECT_CONVERSION = YES_AGGRESSIVE;
				CLANG_CXX_LANGUAGE_STANDARD = "gnu++14";
				CLANG_CXX_LIBRARY = "libc++";
				CLANG_ENABLE_MODULES = YES;
				CLANG_ENABLE_OBJC_ARC = YES;
				CLANG_ENABLE_OBJC_WEAK = YES;
				CLANG_WARN_BLOCK_CAPTURE_AUTORELEASING = YES;
				CLANG_WARN_BOOL_CONVERSION = YES;
				CLANG_WARN_COMMA = YES;
				CLANG_WARN_CONSTANT_CONVERSION = YES;
				CLANG_WARN_DEPRECATED_OBJC_IMPLEMENTATIONS = YES;
				CLANG_WARN_DIRECT_OBJC_ISA_USAGE = YES_ERROR;
				CLANG_WARN_DOCUMENTATION_COMMENTS = YES;
				CLANG_WARN_EMPTY_BODY = YES;
				CLANG_WARN_ENUM_CONVERSION = YES;
				CLANG_WARN_INFINITE_RECURSION = YES;
				CLANG_WARN_INT_CONVERSION = YES;
				CLANG_WARN_NON_LITERAL_NULL_CONVERSION = YES;
				CLANG_WARN_OBJC_IMPLICIT_RETAIN_SELF = YES;
				CLANG_WARN_OBJC_LITERAL_CONVERSION = YES;
				CLANG_WARN_OBJC_ROOT_CLASS = YES_ERROR;
				CLANG_WARN_QUOTED_INCLUDE_IN_FRAMEWORK_HEADER = YES;
				CLANG_WARN_RANGE_LOOP_ANALYSIS = YES;
				CLANG_WARN_STRICT_PROTOTYPES = YES;
				CLANG_WARN_SUSPICIOUS_MOVE = YES;
				CLANG_WARN_UNGUARDED_AVAILABILITY = YES_AGGRESSIVE;
				CLANG_WARN_UNREACHABLE_CODE = YES;
				CLANG_WARN__DUPLICATE_METHOD_MATCH = YES;
				COPY_PHASE_STRIP = NO;
				DEBUG_INFORMATION_FORMAT = "dwarf-with-dsym";
				ENABLE_NS_ASSERTIONS = NO;
				ENABLE_STRICT_OBJC_MSGSEND = YES;
				GCC_C_LANGUAGE_STANDARD = gnu11;
				GCC_NO_COMMON_BLOCKS = YES;
				GCC_WARN_64_TO_32_BIT_CONVERSION = YES;
				GCC_WARN_ABOUT_RETURN_TYPE = YES_ERROR;
				GCC_WARN_UNDECLARED_SELECTOR = YES;
				GCC_WARN_UNINITIALIZED_AUTOS = YES_AGGRESSIVE;
				GCC_WARN_UNUSED_FUNCTION = YES;
				GCC_WARN_UNUSED_VARIABLE = YES;
				IPHONEOS_DEPLOYMENT_TARGET = 14.4;
				MTL_ENABLE_DEBUG_INFO = NO;
				MTL_FAST_MATH = YES;
				SDKROOT = iphoneos;
				SWIFT_COMPILATION_MODE = wholemodule;
				SWIFT_OPTIMIZATION_LEVEL = "-O";
				VALIDATE_PRODUCT = YES;
			};
			name = Release;
		};
		33A997EC2670BC3700853B5F /* Debug */ = {
			isa = XCBuildConfiguration;
			baseConfigurationReference = 18CADDD1EE1AEF7BE1847BB1 /* Pods-NY_Times_Test_App.debug.xcconfig */;
			buildSettings = {
				ASSETCATALOG_COMPILER_APPICON_NAME = AppIcon;
				ASSETCATALOG_COMPILER_GLOBAL_ACCENT_COLOR_NAME = AccentColor;
				CODE_SIGN_STYLE = Automatic;
				DEVELOPMENT_ASSET_PATHS = "\"NY_Times_Test_App/Preview Content\"";
				ENABLE_PREVIEWS = YES;
				INFOPLIST_FILE = NY_Times_Test_App/Info.plist;
				LD_RUNPATH_SEARCH_PATHS = (
					"$(inherited)",
					"@executable_path/Frameworks",
				);
				PRODUCT_BUNDLE_IDENTIFIER = "com.NY-Times-Test-App.NY-Times-Test-App";
				PRODUCT_NAME = "$(TARGET_NAME)";
				SWIFT_VERSION = 5.0;
				TARGETED_DEVICE_FAMILY = "1,2";
			};
			name = Debug;
		};
		33A997ED2670BC3700853B5F /* Release */ = {
			isa = XCBuildConfiguration;
			baseConfigurationReference = 60808F7E25F3E77E9AFFAEF9 /* Pods-NY_Times_Test_App.release.xcconfig */;
			buildSettings = {
				ASSETCATALOG_COMPILER_APPICON_NAME = AppIcon;
				ASSETCATALOG_COMPILER_GLOBAL_ACCENT_COLOR_NAME = AccentColor;
				CODE_SIGN_STYLE = Automatic;
				DEVELOPMENT_ASSET_PATHS = "\"NY_Times_Test_App/Preview Content\"";
				ENABLE_PREVIEWS = YES;
				INFOPLIST_FILE = NY_Times_Test_App/Info.plist;
				LD_RUNPATH_SEARCH_PATHS = (
					"$(inherited)",
					"@executable_path/Frameworks",
				);
				PRODUCT_BUNDLE_IDENTIFIER = "com.NY-Times-Test-App.NY-Times-Test-App";
				PRODUCT_NAME = "$(TARGET_NAME)";
				SWIFT_VERSION = 5.0;
				TARGETED_DEVICE_FAMILY = "1,2";
			};
			name = Release;
		};
/* End XCBuildConfiguration section */

/* Begin XCConfigurationList section */
		33A997D22670BC3600853B5F /* Build configuration list for PBXProject "NY_Times_Test_App" */ = {
			isa = XCConfigurationList;
			buildConfigurations = (
				33A997E92670BC3700853B5F /* Debug */,
				33A997EA2670BC3700853B5F /* Release */,
			);
			defaultConfigurationIsVisible = 0;
			defaultConfigurationName = Release;
		};
		33A997EB2670BC3700853B5F /* Build configuration list for PBXNativeTarget "NY_Times_Test_App" */ = {
			isa = XCConfigurationList;
			buildConfigurations = (
				33A997EC2670BC3700853B5F /* Debug */,
				33A997ED2670BC3700853B5F /* Release */,
			);
			defaultConfigurationIsVisible = 0;
			defaultConfigurationName = Release;
		};
/* End XCConfigurationList section */
	};
	rootObject = 33A997CF2670BC3600853B5F /* Project object */;
}
